
Microsoft Visual Studio Solution File, Format Version 12.00
# Visual Studio Version 16
VisualStudioVersion = 16.0.30523.141
MinimumVisualStudioVersion = 10.0.40219.1
Project("{FAE04EC0-301F-11D3-BF4B-00C04F79EFBC}") = "ProiecMPD_Marasescu_Flaviu", "ProiecMPD_Marasescu_Flaviu.csproj", "{496D4423-C2D0-4E91-9077-B6F89582A0D4}"
EndProject
Global
	GlobalSection(SolutionConfigurationPlatforms) = preSolution
		Debug|Any CPU = Debug|Any CPU
		Release|Any CPU = Release|Any CPU
	EndGlobalSection
	GlobalSection(ProjectConfigurationPlatforms) = postSolution
		{496D4423-C2D0-4E91-9077-B6F89582A0D4}.Debug|Any CPU.ActiveCfg = Debug|Any CPU
		{496D4423-C2D0-4E91-9077-B6F89582A0D4}.Debug|Any CPU.Build.0 = Debug|Any CPU
		{496D4423-C2D0-4E91-9077-B6F89582A0D4}.Release|Any CPU.ActiveCfg = Release|Any CPU
		{496D4423-C2D0-4E91-9077-B6F89582A0D4}.Release|Any CPU.Build.0 = Release|Any CPU
	EndGlobalSection
	GlobalSection(SolutionProperties) = preSolution
		HideSolutionNode = FALSE
	EndGlobalSection
	GlobalSection(ExtensibilityGlobals) = postSolution
		SolutionGuid = {5A0C2346-2EFB-404F-9371-4E20D6914C25}
	EndGlobalSection
EndGlobal
